// !$*UTF8*$!
{
	archiveVersion = 1;
	classes = {
	};
	objectVersion = 56;
	objects = {

/* Begin PBXBuildFile section */
		CC1D3B0C2947759700FE5EC5 /* AddPlantViewController.swift in Sources */ = {isa = PBXBuildFile; fileRef = CC1D3B0B2947759700FE5EC5 /* AddPlantViewController.swift */; };
		CC1D3B0E2947801B00FE5EC5 /* AddRoomViewController.swift in Sources */ = {isa = PBXBuildFile; fileRef = CC1D3B0D2947801B00FE5EC5 /* AddRoomViewController.swift */; };
		CC21F5DB2949B6720039DD24 /* PlantSettingsViewController.swift in Sources */ = {isa = PBXBuildFile; fileRef = CC21F5DA2949B6720039DD24 /* PlantSettingsViewController.swift */; };
		CC22B27A2948B1F200CEDEE5 /* Utils.swift in Sources */ = {isa = PBXBuildFile; fileRef = CC22B2792948B1F200CEDEE5 /* Utils.swift */; };
		CC22B27C294912FE00CEDEE5 /* AboutPlantInfoView.swift in Sources */ = {isa = PBXBuildFile; fileRef = CC22B27B294912FE00CEDEE5 /* AboutPlantInfoView.swift */; };
		CC34637629432CD700E07172 /* AppDelegate.swift in Sources */ = {isa = PBXBuildFile; fileRef = CC34637529432CD700E07172 /* AppDelegate.swift */; };
		CC34637829432CD700E07172 /* SceneDelegate.swift in Sources */ = {isa = PBXBuildFile; fileRef = CC34637729432CD700E07172 /* SceneDelegate.swift */; };
		CC34638029432CD700E07172 /* PlantManager.xcdatamodeld in Sources */ = {isa = PBXBuildFile; fileRef = CC34637E29432CD700E07172 /* PlantManager.xcdatamodeld */; };
		CC34638229432CD800E07172 /* Assets.xcassets in Resources */ = {isa = PBXBuildFile; fileRef = CC34638129432CD800E07172 /* Assets.xcassets */; };
		CC34638529432CD800E07172 /* LaunchScreen.storyboard in Resources */ = {isa = PBXBuildFile; fileRef = CC34638329432CD800E07172 /* LaunchScreen.storyboard */; };
		CC34639029433BAE00E07172 /* RemindersViewController.swift in Sources */ = {isa = PBXBuildFile; fileRef = CC34638F29433BAE00E07172 /* RemindersViewController.swift */; };
		CC34639229433BF300E07172 /* PlantsCollectionViewController.swift in Sources */ = {isa = PBXBuildFile; fileRef = CC34639129433BF300E07172 /* PlantsCollectionViewController.swift */; };
		CC34639629433C4300E07172 /* DiscoverViewController.swift in Sources */ = {isa = PBXBuildFile; fileRef = CC34639529433C4300E07172 /* DiscoverViewController.swift */; };
		CC34639A2943429900E07172 /* TabBarController.swift in Sources */ = {isa = PBXBuildFile; fileRef = CC3463992943429900E07172 /* TabBarController.swift */; };
		CC34639C29435EE900E07172 /* PlantType.swift in Sources */ = {isa = PBXBuildFile; fileRef = CC34639B29435EE900E07172 /* PlantType.swift */; };
		CC34639E2943C2F600E07172 /* PlantCollectionViewCell.swift in Sources */ = {isa = PBXBuildFile; fileRef = CC34639D2943C2F600E07172 /* PlantCollectionViewCell.swift */; };
		CCFE218C2947A46200C4BBB4 /* RoomsCollectionView.swift in Sources */ = {isa = PBXBuildFile; fileRef = CCFE218B2947A46200C4BBB4 /* RoomsCollectionView.swift */; };
		CCFE218E2947A77E00C4BBB4 /* RoomsTableViewCell.swift in Sources */ = {isa = PBXBuildFile; fileRef = CCFE218D2947A77E00C4BBB4 /* RoomsTableViewCell.swift */; };
		CCFE21902947D4E100C4BBB4 /* PlantInfoView.swift in Sources */ = {isa = PBXBuildFile; fileRef = CCFE218F2947D4E100C4BBB4 /* PlantInfoView.swift */; };
/* End PBXBuildFile section */

/* Begin PBXFileReference section */
		CC1D3B0B2947759700FE5EC5 /* AddPlantViewController.swift */ = {isa = PBXFileReference; lastKnownFileType = sourcecode.swift; path = AddPlantViewController.swift; sourceTree = "<group>"; };
		CC1D3B0D2947801B00FE5EC5 /* AddRoomViewController.swift */ = {isa = PBXFileReference; lastKnownFileType = sourcecode.swift; path = AddRoomViewController.swift; sourceTree = "<group>"; };
		CC21F5DA2949B6720039DD24 /* PlantSettingsViewController.swift */ = {isa = PBXFileReference; lastKnownFileType = sourcecode.swift; path = PlantSettingsViewController.swift; sourceTree = "<group>"; };
		CC22B2792948B1F200CEDEE5 /* Utils.swift */ = {isa = PBXFileReference; lastKnownFileType = sourcecode.swift; path = Utils.swift; sourceTree = "<group>"; };
		CC22B27B294912FE00CEDEE5 /* AboutPlantInfoView.swift */ = {isa = PBXFileReference; lastKnownFileType = sourcecode.swift; path = AboutPlantInfoView.swift; sourceTree = "<group>"; };
		CC34637229432CD700E07172 /* PlantManager.app */ = {isa = PBXFileReference; explicitFileType = wrapper.application; includeInIndex = 0; path = PlantManager.app; sourceTree = BUILT_PRODUCTS_DIR; };
		CC34637529432CD700E07172 /* AppDelegate.swift */ = {isa = PBXFileReference; lastKnownFileType = sourcecode.swift; path = AppDelegate.swift; sourceTree = "<group>"; };
		CC34637729432CD700E07172 /* SceneDelegate.swift */ = {isa = PBXFileReference; lastKnownFileType = sourcecode.swift; path = SceneDelegate.swift; sourceTree = "<group>"; };
		CC34637F29432CD700E07172 /* PlantManager.xcdatamodel */ = {isa = PBXFileReference; lastKnownFileType = wrapper.xcdatamodel; path = PlantManager.xcdatamodel; sourceTree = "<group>"; };
		CC34638129432CD800E07172 /* Assets.xcassets */ = {isa = PBXFileReference; lastKnownFileType = folder.assetcatalog; path = Assets.xcassets; sourceTree = "<group>"; };
		CC34638429432CD800E07172 /* Base */ = {isa = PBXFileReference; lastKnownFileType = file.storyboard; name = Base; path = Base.lproj/LaunchScreen.storyboard; sourceTree = "<group>"; };
		CC34638629432CD800E07172 /* Info.plist */ = {isa = PBXFileReference; lastKnownFileType = text.plist.xml; path = Info.plist; sourceTree = "<group>"; };
		CC34638F29433BAE00E07172 /* RemindersViewController.swift */ = {isa = PBXFileReference; lastKnownFileType = sourcecode.swift; path = RemindersViewController.swift; sourceTree = "<group>"; };
		CC34639129433BF300E07172 /* PlantsCollectionViewController.swift */ = {isa = PBXFileReference; lastKnownFileType = sourcecode.swift; path = PlantsCollectionViewController.swift; sourceTree = "<group>"; };
		CC34639529433C4300E07172 /* DiscoverViewController.swift */ = {isa = PBXFileReference; lastKnownFileType = sourcecode.swift; path = DiscoverViewController.swift; sourceTree = "<group>"; };
		CC3463992943429900E07172 /* TabBarController.swift */ = {isa = PBXFileReference; lastKnownFileType = sourcecode.swift; path = TabBarController.swift; sourceTree = "<group>"; };
		CC34639B29435EE900E07172 /* PlantType.swift */ = {isa = PBXFileReference; lastKnownFileType = sourcecode.swift; path = PlantType.swift; sourceTree = "<group>"; };
		CC34639D2943C2F600E07172 /* PlantCollectionViewCell.swift */ = {isa = PBXFileReference; lastKnownFileType = sourcecode.swift; path = PlantCollectionViewCell.swift; sourceTree = "<group>"; };
		CCFE218B2947A46200C4BBB4 /* RoomsCollectionView.swift */ = {isa = PBXFileReference; lastKnownFileType = sourcecode.swift; path = RoomsCollectionView.swift; sourceTree = "<group>"; };
		CCFE218D2947A77E00C4BBB4 /* RoomsTableViewCell.swift */ = {isa = PBXFileReference; lastKnownFileType = sourcecode.swift; path = RoomsTableViewCell.swift; sourceTree = "<group>"; };
		CCFE218F2947D4E100C4BBB4 /* PlantInfoView.swift */ = {isa = PBXFileReference; lastKnownFileType = sourcecode.swift; path = PlantInfoView.swift; sourceTree = "<group>"; };
/* End PBXFileReference section */

/* Begin PBXFrameworksBuildPhase section */
		CC34636F29432CD700E07172 /* Frameworks */ = {
			isa = PBXFrameworksBuildPhase;
			buildActionMask = 2147483647;
			files = (
			);
			runOnlyForDeploymentPostprocessing = 0;
		};
/* End PBXFrameworksBuildPhase section */

/* Begin PBXGroup section */
		CC22B2782948B1E300CEDEE5 /* Utils */ = {
			isa = PBXGroup;
			children = (
				CC22B2792948B1F200CEDEE5 /* Utils.swift */,
			);
			path = Utils;
			sourceTree = "<group>";
		};
		CC34636929432CD700E07172 = {
			isa = PBXGroup;
			children = (
				CC34637429432CD700E07172 /* PlantManager */,
				CC34637329432CD700E07172 /* Products */,
			);
			sourceTree = "<group>";
		};
		CC34637329432CD700E07172 /* Products */ = {
			isa = PBXGroup;
			children = (
				CC34637229432CD700E07172 /* PlantManager.app */,
			);
			name = Products;
			sourceTree = "<group>";
		};
		CC34637429432CD700E07172 /* PlantManager */ = {
			isa = PBXGroup;
			children = (
				CC22B2782948B1E300CEDEE5 /* Utils */,
				CC34638E2943391300E07172 /* Controller */,
				CC34638D2943390B00E07172 /* Model */,
				CC34638C294338FE00E07172 /* VIew */,
				CC34637529432CD700E07172 /* AppDelegate.swift */,
				CC3463992943429900E07172 /* TabBarController.swift */,
				CC34637729432CD700E07172 /* SceneDelegate.swift */,
				CC34638129432CD800E07172 /* Assets.xcassets */,
				CC34638329432CD800E07172 /* LaunchScreen.storyboard */,
				CC34638629432CD800E07172 /* Info.plist */,
				CC34637E29432CD700E07172 /* PlantManager.xcdatamodeld */,
			);
			path = PlantManager;
			sourceTree = "<group>";
		};
		CC34638C294338FE00E07172 /* VIew */ = {
			isa = PBXGroup;
			children = (
				CC34638F29433BAE00E07172 /* RemindersViewController.swift */,
				CC34639129433BF300E07172 /* PlantsCollectionViewController.swift */,
				CC34639529433C4300E07172 /* DiscoverViewController.swift */,
				CC34639D2943C2F600E07172 /* PlantCollectionViewCell.swift */,
				CC1D3B0B2947759700FE5EC5 /* AddPlantViewController.swift */,
				CC1D3B0D2947801B00FE5EC5 /* AddRoomViewController.swift */,
				CCFE218B2947A46200C4BBB4 /* RoomsCollectionView.swift */,
				CCFE218D2947A77E00C4BBB4 /* RoomsTableViewCell.swift */,
				CCFE218F2947D4E100C4BBB4 /* PlantInfoView.swift */,
				CC22B27B294912FE00CEDEE5 /* AboutPlantInfoView.swift */,
				CC21F5DA2949B6720039DD24 /* PlantSettingsViewController.swift */,
			);
			path = VIew;
			sourceTree = "<group>";
		};
		CC34638D2943390B00E07172 /* Model */ = {
			isa = PBXGroup;
			children = (
				CC34639B29435EE900E07172 /* PlantType.swift */,
			);
			path = Model;
			sourceTree = "<group>";
		};
		CC34638E2943391300E07172 /* Controller */ = {
			isa = PBXGroup;
			children = (
			);
			path = Controller;
			sourceTree = "<group>";
		};
/* End PBXGroup section */

/* Begin PBXNativeTarget section */
		CC34637129432CD700E07172 /* PlantManager */ = {
			isa = PBXNativeTarget;
			buildConfigurationList = CC34638929432CD800E07172 /* Build configuration list for PBXNativeTarget "PlantManager" */;
			buildPhases = (
				CC34636E29432CD700E07172 /* Sources */,
				CC34636F29432CD700E07172 /* Frameworks */,
				CC34637029432CD700E07172 /* Resources */,
			);
			buildRules = (
			);
			dependencies = (
			);
			name = PlantManager;
			productName = PlantManager;
			productReference = CC34637229432CD700E07172 /* PlantManager.app */;
			productType = "com.apple.product-type.application";
		};
/* End PBXNativeTarget section */

/* Begin PBXProject section */
		CC34636A29432CD700E07172 /* Project object */ = {
			isa = PBXProject;
			attributes = {
				BuildIndependentTargetsInParallel = 1;
				LastSwiftUpdateCheck = 1400;
				LastUpgradeCheck = 1400;
				TargetAttributes = {
					CC34637129432CD700E07172 = {
						CreatedOnToolsVersion = 14.0;
					};
				};
			};
			buildConfigurationList = CC34636D29432CD700E07172 /* Build configuration list for PBXProject "PlantManager" */;
			compatibilityVersion = "Xcode 14.0";
			developmentRegion = en;
			hasScannedForEncodings = 0;
			knownRegions = (
				en,
				Base,
			);
			mainGroup = CC34636929432CD700E07172;
			productRefGroup = CC34637329432CD700E07172 /* Products */;
			projectDirPath = "";
			projectRoot = "";
			targets = (
				CC34637129432CD700E07172 /* PlantManager */,
			);
		};
/* End PBXProject section */

/* Begin PBXResourcesBuildPhase section */
		CC34637029432CD700E07172 /* Resources */ = {
			isa = PBXResourcesBuildPhase;
			buildActionMask = 2147483647;
			files = (
				CC34638529432CD800E07172 /* LaunchScreen.storyboard in Resources */,
				CC34638229432CD800E07172 /* Assets.xcassets in Resources */,
			);
			runOnlyForDeploymentPostprocessing = 0;
		};
/* End PBXResourcesBuildPhase section */

/* Begin PBXSourcesBuildPhase section */
		CC34636E29432CD700E07172 /* Sources */ = {
			isa = PBXSourcesBuildPhase;
			buildActionMask = 2147483647;
			files = (
				CCFE21902947D4E100C4BBB4 /* PlantInfoView.swift in Sources */,
				CC1D3B0C2947759700FE5EC5 /* AddPlantViewController.swift in Sources */,
				CC34639229433BF300E07172 /* PlantsCollectionViewController.swift in Sources */,
				CC34639A2943429900E07172 /* TabBarController.swift in Sources */,
				CC22B27C294912FE00CEDEE5 /* AboutPlantInfoView.swift in Sources */,
				CCFE218E2947A77E00C4BBB4 /* RoomsTableViewCell.swift in Sources */,
				CC22B27A2948B1F200CEDEE5 /* Utils.swift in Sources */,
				CC34639629433C4300E07172 /* DiscoverViewController.swift in Sources */,
				CC34639C29435EE900E07172 /* PlantType.swift in Sources */,
				CC34639E2943C2F600E07172 /* PlantCollectionViewCell.swift in Sources */,
				CC34637629432CD700E07172 /* AppDelegate.swift in Sources */,
				CC21F5DB2949B6720039DD24 /* PlantSettingsViewController.swift in Sources */,
				CC1D3B0E2947801B00FE5EC5 /* AddRoomViewController.swift in Sources */,
				CC34637829432CD700E07172 /* SceneDelegate.swift in Sources */,
				CCFE218C2947A46200C4BBB4 /* RoomsCollectionView.swift in Sources */,
				CC34638029432CD700E07172 /* PlantManager.xcdatamodeld in Sources */,
				CC34639029433BAE00E07172 /* RemindersViewController.swift in Sources */,
			);
			runOnlyForDeploymentPostprocessing = 0;
		};
/* End PBXSourcesBuildPhase section */

/* Begin PBXVariantGroup section */
		CC34638329432CD800E07172 /* LaunchScreen.storyboard */ = {
			isa = PBXVariantGroup;
			children = (
				CC34638429432CD800E07172 /* Base */,
			);
			name = LaunchScreen.storyboard;
			sourceTree = "<group>";
		};
/* End PBXVariantGroup section */

/* Begin XCBuildConfiguration section */
		CC34638729432CD800E07172 /* Debug */ = {
			isa = XCBuildConfiguration;
			buildSettings = {
				ALWAYS_SEARCH_USER_PATHS = NO;
				CLANG_ANALYZER_NONNULL = YES;
				CLANG_ANALYZER_NUMBER_OBJECT_CONVERSION = YES_AGGRESSIVE;
				CLANG_CXX_LANGUAGE_STANDARD = "gnu++20";
				CLANG_ENABLE_MODULES = YES;
				CLANG_ENABLE_OBJC_ARC = YES;
				CLANG_ENABLE_OBJC_WEAK = YES;
				CLANG_WARN_BLOCK_CAPTURE_AUTORELEASING = YES;
				CLANG_WARN_BOOL_CONVERSION = YES;
				CLANG_WARN_COMMA = YES;
				CLANG_WARN_CONSTANT_CONVERSION = YES;
				CLANG_WARN_DEPRECATED_OBJC_IMPLEMENTATIONS = YES;
				CLANG_WARN_DIRECT_OBJC_ISA_USAGE = YES_ERROR;
				CLANG_WARN_DOCUMENTATION_COMMENTS = YES;
				CLANG_WARN_EMPTY_BODY = YES;
				CLANG_WARN_ENUM_CONVERSION = YES;
				CLANG_WARN_INFINITE_RECURSION = YES;
				CLANG_WARN_INT_CONVERSION = YES;
				CLANG_WARN_NON_LITERAL_NULL_CONVERSION = YES;
				CLANG_WARN_OBJC_IMPLICIT_RETAIN_SELF = YES;
				CLANG_WARN_OBJC_LITERAL_CONVERSION = YES;
				CLANG_WARN_OBJC_ROOT_CLASS = YES_ERROR;
				CLANG_WARN_QUOTED_INCLUDE_IN_FRAMEWORK_HEADER = YES;
				CLANG_WARN_RANGE_LOOP_ANALYSIS = YES;
				CLANG_WARN_STRICT_PROTOTYPES = YES;
				CLANG_WARN_SUSPICIOUS_MOVE = YES;
				CLANG_WARN_UNGUARDED_AVAILABILITY = YES_AGGRESSIVE;
				CLANG_WARN_UNREACHABLE_CODE = YES;
				CLANG_WARN__DUPLICATE_METHOD_MATCH = YES;
				COPY_PHASE_STRIP = NO;
				DEBUG_INFORMATION_FORMAT = dwarf;
				ENABLE_STRICT_OBJC_MSGSEND = YES;
				ENABLE_TESTABILITY = YES;
				GCC_C_LANGUAGE_STANDARD = gnu11;
				GCC_DYNAMIC_NO_PIC = NO;
				GCC_NO_COMMON_BLOCKS = YES;
				GCC_OPTIMIZATION_LEVEL = 0;
				GCC_PREPROCESSOR_DEFINITIONS = (
					"DEBUG=1",
					"$(inherited)",
				);
				GCC_WARN_64_TO_32_BIT_CONVERSION = YES;
				GCC_WARN_ABOUT_RETURN_TYPE = YES_ERROR;
				GCC_WARN_UNDECLARED_SELECTOR = YES;
				GCC_WARN_UNINITIALIZED_AUTOS = YES_AGGRESSIVE;
				GCC_WARN_UNUSED_FUNCTION = YES;
				GCC_WARN_UNUSED_VARIABLE = YES;
				IPHONEOS_DEPLOYMENT_TARGET = 16.0;
				MTL_ENABLE_DEBUG_INFO = INCLUDE_SOURCE;
				MTL_FAST_MATH = YES;
				ONLY_ACTIVE_ARCH = YES;
				SDKROOT = iphoneos;
				SWIFT_ACTIVE_COMPILATION_CONDITIONS = DEBUG;
				SWIFT_OPTIMIZATION_LEVEL = "-Onone";
			};
			name = Debug;
		};
		CC34638829432CD800E07172 /* Release */ = {
			isa = XCBuildConfiguration;
			buildSettings = {
				ALWAYS_SEARCH_USER_PATHS = NO;
				CLANG_ANALYZER_NONNULL = YES;
				CLANG_ANALYZER_NUMBER_OBJECT_CONVERSION = YES_AGGRESSIVE;
				CLANG_CXX_LANGUAGE_STANDARD = "gnu++20";
				CLANG_ENABLE_MODULES = YES;
				CLANG_ENABLE_OBJC_ARC = YES;
				CLANG_ENABLE_OBJC_WEAK = YES;
				CLANG_WARN_BLOCK_CAPTURE_AUTORELEASING = YES;
				CLANG_WARN_BOOL_CONVERSION = YES;
				CLANG_WARN_COMMA = YES;
				CLANG_WARN_CONSTANT_CONVERSION = YES;
				CLANG_WARN_DEPRECATED_OBJC_IMPLEMENTATIONS = YES;
				CLANG_WARN_DIRECT_OBJC_ISA_USAGE = YES_ERROR;
				CLANG_WARN_DOCUMENTATION_COMMENTS = YES;
				CLANG_WARN_EMPTY_BODY = YES;
				CLANG_WARN_ENUM_CONVERSION = YES;
				CLANG_WARN_INFINITE_RECURSION = YES;
				CLANG_WARN_INT_CONVERSION = YES;
				CLANG_WARN_NON_LITERAL_NULL_CONVERSION = YES;
				CLANG_WARN_OBJC_IMPLICIT_RETAIN_SELF = YES;
				CLANG_WARN_OBJC_LITERAL_CONVERSION = YES;
				CLANG_WARN_OBJC_ROOT_CLASS = YES_ERROR;
				CLANG_WARN_QUOTED_INCLUDE_IN_FRAMEWORK_HEADER = YES;
				CLANG_WARN_RANGE_LOOP_ANALYSIS = YES;
				CLANG_WARN_STRICT_PROTOTYPES = YES;
				CLANG_WARN_SUSPICIOUS_MOVE = YES;
				CLANG_WARN_UNGUARDED_AVAILABILITY = YES_AGGRESSIVE;
				CLANG_WARN_UNREACHABLE_CODE = YES;
				CLANG_WARN__DUPLICATE_METHOD_MATCH = YES;
				COPY_PHASE_STRIP = NO;
				DEBUG_INFORMATION_FORMAT = "dwarf-with-dsym";
				ENABLE_NS_ASSERTIONS = NO;
				ENABLE_STRICT_OBJC_MSGSEND = YES;
				GCC_C_LANGUAGE_STANDARD = gnu11;
				GCC_NO_COMMON_BLOCKS = YES;
				GCC_WARN_64_TO_32_BIT_CONVERSION = YES;
				GCC_WARN_ABOUT_RETURN_TYPE = YES_ERROR;
				GCC_WARN_UNDECLARED_SELECTOR = YES;
				GCC_WARN_UNINITIALIZED_AUTOS = YES_AGGRESSIVE;
				GCC_WARN_UNUSED_FUNCTION = YES;
				GCC_WARN_UNUSED_VARIABLE = YES;
				IPHONEOS_DEPLOYMENT_TARGET = 16.0;
				MTL_ENABLE_DEBUG_INFO = NO;
				MTL_FAST_MATH = YES;
				SDKROOT = iphoneos;
				SWIFT_COMPILATION_MODE = wholemodule;
				SWIFT_OPTIMIZATION_LEVEL = "-O";
				VALIDATE_PRODUCT = YES;
			};
			name = Release;
		};
		CC34638A29432CD800E07172 /* Debug */ = {
			isa = XCBuildConfiguration;
			buildSettings = {
				ASSETCATALOG_COMPILER_APPICON_NAME = AppIcon;
				ASSETCATALOG_COMPILER_GLOBAL_ACCENT_COLOR_NAME = AccentColor;
				CODE_SIGN_STYLE = Automatic;
				CURRENT_PROJECT_VERSION = 1;
				GENERATE_INFOPLIST_FILE = YES;
				INFOPLIST_FILE = PlantManager/Info.plist;
				INFOPLIST_KEY_UIApplicationSupportsIndirectInputEvents = YES;
				INFOPLIST_KEY_UILaunchStoryboardName = LaunchScreen;
				INFOPLIST_KEY_UIMainStoryboardFile = "";
				INFOPLIST_KEY_UIStatusBarStyle = "";
				INFOPLIST_KEY_UISupportedInterfaceOrientations = UIInterfaceOrientationPortrait;
				INFOPLIST_KEY_UISupportedInterfaceOrientations_iPad = "UIInterfaceOrientationLandscapeLeft UIInterfaceOrientationLandscapeRight UIInterfaceOrientationPortrait UIInterfaceOrientationPortraitUpsideDown";
				IPHONEOS_DEPLOYMENT_TARGET = 15.0;
				LD_RUNPATH_SEARCH_PATHS = (
					"$(inherited)",
					"@executable_path/Frameworks",
				);
				MARKETING_VERSION = 1.0;
				PRODUCT_BUNDLE_IDENTIFIER = com.exp.PlantManager;
				PRODUCT_NAME = "$(TARGET_NAME)";
				SUPPORTED_PLATFORMS = "iphoneos iphonesimulator";
				SUPPORTS_MACCATALYST = NO;
				SUPPORTS_MAC_DESIGNED_FOR_IPHONE_IPAD = NO;
				SWIFT_EMIT_LOC_STRINGS = YES;
				SWIFT_VERSION = 5.0;
				TARGETED_DEVICE_FAMILY = "1,2";
			};
			name = Debug;
		};
		CC34638B29432CD800E07172 /* Release */ = {
			isa = XCBuildConfiguration;
			buildSettings = {
				ASSETCATALOG_COMPILER_APPICON_NAME = AppIcon;
				ASSETCATALOG_COMPILER_GLOBAL_ACCENT_COLOR_NAME = AccentColor;
				CODE_SIGN_STYLE = Automatic;
				CURRENT_PROJECT_VERSION = 1;
				GENERATE_INFOPLIST_FILE = YES;
				INFOPLIST_FILE = PlantManager/Info.plist;
				INFOPLIST_KEY_UIApplicationSupportsIndirectInputEvents = YES;
				INFOPLIST_KEY_UILaunchStoryboardName = LaunchScreen;
				INFOPLIST_KEY_UIMainStoryboardFile = "";
				INFOPLIST_KEY_UIStatusBarStyle = "";
				INFOPLIST_KEY_UISupportedInterfaceOrientations = UIInterfaceOrientationPortrait;
				INFOPLIST_KEY_UISupportedInterfaceOrientations_iPad = "UIInterfaceOrientationLandscapeLeft UIInterfaceOrientationLandscapeRight UIInterfaceOrientationPortrait UIInterfaceOrientationPortraitUpsideDown";
				IPHONEOS_DEPLOYMENT_TARGET = 15.0;
				LD_RUNPATH_SEARCH_PATHS = (
					"$(inherited)",
					"@executable_path/Frameworks",
				);
				MARKETING_VERSION = 1.0;
				PRODUCT_BUNDLE_IDENTIFIER = com.exp.PlantManager;
				PRODUCT_NAME = "$(TARGET_NAME)";
				SUPPORTED_PLATFORMS = "iphoneos iphonesimulator";
				SUPPORTS_MACCATALYST = NO;
				SUPPORTS_MAC_DESIGNED_FOR_IPHONE_IPAD = NO;
				SWIFT_EMIT_LOC_STRINGS = YES;
				SWIFT_VERSION = 5.0;
				TARGETED_DEVICE_FAMILY = "1,2";
			};
			name = Release;
		};
/* End XCBuildConfiguration section */

/* Begin XCConfigurationList section */
		CC34636D29432CD700E07172 /* Build configuration list for PBXProject "PlantManager" */ = {
			isa = XCConfigurationList;
			buildConfigurations = (
				CC34638729432CD800E07172 /* Debug */,
				CC34638829432CD800E07172 /* Release */,
			);
			defaultConfigurationIsVisible = 0;
			defaultConfigurationName = Release;
		};
		CC34638929432CD800E07172 /* Build configuration list for PBXNativeTarget "PlantManager" */ = {
			isa = XCConfigurationList;
			buildConfigurations = (
				CC34638A29432CD800E07172 /* Debug */,
				CC34638B29432CD800E07172 /* Release */,
			);
			defaultConfigurationIsVisible = 0;
			defaultConfigurationName = Release;
		};
/* End XCConfigurationList section */

/* Begin XCVersionGroup section */
		CC34637E29432CD700E07172 /* PlantManager.xcdatamodeld */ = {
			isa = XCVersionGroup;
			children = (
				CC34637F29432CD700E07172 /* PlantManager.xcdatamodel */,
			);
			currentVersion = CC34637F29432CD700E07172 /* PlantManager.xcdatamodel */;
			path = PlantManager.xcdatamodeld;
			sourceTree = "<group>";
			versionGroupType = wrapper.xcdatamodel;
		};
/* End XCVersionGroup section */
	};
	rootObject = CC34636A29432CD700E07172 /* Project object */;
}
