// !$*UTF8*$!
{
	archiveVersion = 1;
	classes = {
	};
	objectVersion = 56;
	objects = {

/* Begin PBXBuildFile section */
		CC1D3B0C2947759700FE5EC5 /* AddPlantViewController.swift in Sources */ = {isa = PBXBuildFile; fileRef = CC1D3B0B2947759700FE5EC5 /* AddPlantViewController.swift */; };
		CC1D3B0E2947801B00FE5EC5 /* AddRoomViewController.swift in Sources */ = {isa = PBXBuildFile; fileRef = CC1D3B0D2947801B00FE5EC5 /* AddRoomViewController.swift */; };
		CC1D927B29D9B50E0028F6FF /* FirebaseIdentifiable.swift in Sources */ = {isa = PBXBuildFile; fileRef = CC1D927A29D9B50E0028F6FF /* FirebaseIdentifiable.swift */; };
		CC1D927D29D9BB0F0028F6FF /* NotesManager.swift in Sources */ = {isa = PBXBuildFile; fileRef = CC1D927C29D9BB0F0028F6FF /* NotesManager.swift */; };
		CC1D927F29D9FF050028F6FF /* ArticlesManager.swift in Sources */ = {isa = PBXBuildFile; fileRef = CC1D927E29D9FF050028F6FF /* ArticlesManager.swift */; };
		CC21F5DB2949B6720039DD24 /* PlantSettingsViewController.swift in Sources */ = {isa = PBXBuildFile; fileRef = CC21F5DA2949B6720039DD24 /* PlantSettingsViewController.swift */; };
		CC22B27A2948B1F200CEDEE5 /* Utils.swift in Sources */ = {isa = PBXBuildFile; fileRef = CC22B2792948B1F200CEDEE5 /* Utils.swift */; };
		CC22B27C294912FE00CEDEE5 /* AboutPlantInfoView.swift in Sources */ = {isa = PBXBuildFile; fileRef = CC22B27B294912FE00CEDEE5 /* AboutPlantInfoView.swift */; };
		CC34637629432CD700E07172 /* AppDelegate.swift in Sources */ = {isa = PBXBuildFile; fileRef = CC34637529432CD700E07172 /* AppDelegate.swift */; };
		CC34637829432CD700E07172 /* SceneDelegate.swift in Sources */ = {isa = PBXBuildFile; fileRef = CC34637729432CD700E07172 /* SceneDelegate.swift */; };
		CC34638029432CD700E07172 /* PlantManager.xcdatamodeld in Sources */ = {isa = PBXBuildFile; fileRef = CC34637E29432CD700E07172 /* PlantManager.xcdatamodeld */; };
		CC34638229432CD800E07172 /* Assets.xcassets in Resources */ = {isa = PBXBuildFile; fileRef = CC34638129432CD800E07172 /* Assets.xcassets */; };
		CC34638529432CD800E07172 /* LaunchScreen.storyboard in Resources */ = {isa = PBXBuildFile; fileRef = CC34638329432CD800E07172 /* LaunchScreen.storyboard */; };
		CC34639029433BAE00E07172 /* RemindersViewController.swift in Sources */ = {isa = PBXBuildFile; fileRef = CC34638F29433BAE00E07172 /* RemindersViewController.swift */; };
		CC34639229433BF300E07172 /* PlantsCollectionViewController.swift in Sources */ = {isa = PBXBuildFile; fileRef = CC34639129433BF300E07172 /* PlantsCollectionViewController.swift */; };
		CC34639629433C4300E07172 /* DiscoverViewController.swift in Sources */ = {isa = PBXBuildFile; fileRef = CC34639529433C4300E07172 /* DiscoverViewController.swift */; };
		CC34639A2943429900E07172 /* TabBarController.swift in Sources */ = {isa = PBXBuildFile; fileRef = CC3463992943429900E07172 /* TabBarController.swift */; };
		CC34639E2943C2F600E07172 /* PlantCollectionViewCell.swift in Sources */ = {isa = PBXBuildFile; fileRef = CC34639D2943C2F600E07172 /* PlantCollectionViewCell.swift */; };
		CC34B52F294A6C9900AAEA05 /* ImagePicker.swift in Sources */ = {isa = PBXBuildFile; fileRef = CC34B52E294A6C9900AAEA05 /* ImagePicker.swift */; };
		CC45E31929BDF4B300962B8D /* FirebaseAnalytics in Frameworks */ = {isa = PBXBuildFile; productRef = CC45E31829BDF4B300962B8D /* FirebaseAnalytics */; };
		CC45E31B29BDF4B300962B8D /* FirebaseAuth in Frameworks */ = {isa = PBXBuildFile; productRef = CC45E31A29BDF4B300962B8D /* FirebaseAuth */; };
		CC4DDB5329D5918200978EE8 /* WebViewController.swift in Sources */ = {isa = PBXBuildFile; fileRef = CC4DDB5229D5918200978EE8 /* WebViewController.swift */; };
		CC4DDB5629D5B47C00978EE8 /* DatabaseManager.swift in Sources */ = {isa = PBXBuildFile; fileRef = CC4DDB5529D5B47C00978EE8 /* DatabaseManager.swift */; };
		CC4DDB5829D5B79D00978EE8 /* ImageStorageManager.swift in Sources */ = {isa = PBXBuildFile; fileRef = CC4DDB5729D5B79D00978EE8 /* ImageStorageManager.swift */; };
		CC4DDB5B29D5BB5600978EE8 /* FirebaseStorage in Frameworks */ = {isa = PBXBuildFile; productRef = CC4DDB5A29D5BB5600978EE8 /* FirebaseStorage */; };
		CC72AA9129D05BEA00926B7C /* Extensions.swift in Sources */ = {isa = PBXBuildFile; fileRef = CC72AA9029D05BEA00926B7C /* Extensions.swift */; };
		CC72AA9429D06C8200926B7C /* NotificationManager.swift in Sources */ = {isa = PBXBuildFile; fileRef = CC72AA9329D06C8200926B7C /* NotificationManager.swift */; };
		CC72AA9629D070B500926B7C /* PlantTask.swift in Sources */ = {isa = PBXBuildFile; fileRef = CC72AA9529D070B500926B7C /* PlantTask.swift */; };
		CC72AA9829D070E900926B7C /* TaskManager.swift in Sources */ = {isa = PBXBuildFile; fileRef = CC72AA9729D070E900926B7C /* TaskManager.swift */; };
		CC72AA9A29D0718F00926B7C /* TaskPersistanceManager.swift in Sources */ = {isa = PBXBuildFile; fileRef = CC72AA9929D0718F00926B7C /* TaskPersistanceManager.swift */; };
		CC72AA9D29D079BD00926B7C /* RemindersTableViewCell.swift in Sources */ = {isa = PBXBuildFile; fileRef = CC72AA9C29D079BD00926B7C /* RemindersTableViewCell.swift */; };
		CC72AA9F29D099BF00926B7C /* AddTaskViewController.swift in Sources */ = {isa = PBXBuildFile; fileRef = CC72AA9E29D099BF00926B7C /* AddTaskViewController.swift */; };
		CC84CF7D29BF6A8500418230 /* PlantCareView.swift in Sources */ = {isa = PBXBuildFile; fileRef = CC84CF7C29BF6A8500418230 /* PlantCareView.swift */; };
		CC84CF7F29BF6AD100418230 /* PlantTimelineView.swift in Sources */ = {isa = PBXBuildFile; fileRef = CC84CF7E29BF6AD100418230 /* PlantTimelineView.swift */; };
		CCA57C6729D43C0000B80C73 /* LoginViewController.swift in Sources */ = {isa = PBXBuildFile; fileRef = CCA57C6629D43C0000B80C73 /* LoginViewController.swift */; };
		CCA57C6929D4557F00B80C73 /* User.swift in Sources */ = {isa = PBXBuildFile; fileRef = CCA57C6829D4557F00B80C73 /* User.swift */; };
		CCA57C6B29D45BEB00B80C73 /* DiscoverArticlesTableViewCell.swift in Sources */ = {isa = PBXBuildFile; fileRef = CCA57C6A29D45BEB00B80C73 /* DiscoverArticlesTableViewCell.swift */; };
		CCA57C6D29D45C8400B80C73 /* Article.swift in Sources */ = {isa = PBXBuildFile; fileRef = CCA57C6C29D45C8400B80C73 /* Article.swift */; };
		CCA57C6F29D467B300B80C73 /* GoogleService-Info.plist in Resources */ = {isa = PBXBuildFile; fileRef = CCA57C6E29D467B300B80C73 /* GoogleService-Info.plist */; };
		CCD1DA8029D98A0800414200 /* FirebaseFirestore in Frameworks */ = {isa = PBXBuildFile; productRef = CCD1DA7F29D98A0800414200 /* FirebaseFirestore */; };
		CCD1DA8229D9920A00414200 /* FirebaseFirestoreSwift in Frameworks */ = {isa = PBXBuildFile; productRef = CCD1DA8129D9920A00414200 /* FirebaseFirestoreSwift */; };
		CCD1DA8429D9927000414200 /* PlantsManager.swift in Sources */ = {isa = PBXBuildFile; fileRef = CCD1DA8329D9927000414200 /* PlantsManager.swift */; };
		CCDDC20F29D731C600A75581 /* PlantNoteCollectionViewCell.swift in Sources */ = {isa = PBXBuildFile; fileRef = CCDDC20E29D731C600A75581 /* PlantNoteCollectionViewCell.swift */; };
		CCDDC21129D731D800A75581 /* PlantPhotoCollectionViewCell.swift in Sources */ = {isa = PBXBuildFile; fileRef = CCDDC21029D731D800A75581 /* PlantPhotoCollectionViewCell.swift */; };
		CCFE218E2947A77E00C4BBB4 /* RoomsTableViewCell.swift in Sources */ = {isa = PBXBuildFile; fileRef = CCFE218D2947A77E00C4BBB4 /* RoomsTableViewCell.swift */; };
		CCFE21902947D4E100C4BBB4 /* PlantInfoViewController.swift in Sources */ = {isa = PBXBuildFile; fileRef = CCFE218F2947D4E100C4BBB4 /* PlantInfoViewController.swift */; };
/* End PBXBuildFile section */

/* Begin PBXFileReference section */
		CC1D3B0B2947759700FE5EC5 /* AddPlantViewController.swift */ = {isa = PBXFileReference; lastKnownFileType = sourcecode.swift; path = AddPlantViewController.swift; sourceTree = "<group>"; };
		CC1D3B0D2947801B00FE5EC5 /* AddRoomViewController.swift */ = {isa = PBXFileReference; lastKnownFileType = sourcecode.swift; path = AddRoomViewController.swift; sourceTree = "<group>"; };
		CC1D927A29D9B50E0028F6FF /* FirebaseIdentifiable.swift */ = {isa = PBXFileReference; lastKnownFileType = sourcecode.swift; path = FirebaseIdentifiable.swift; sourceTree = "<group>"; };
		CC1D927C29D9BB0F0028F6FF /* NotesManager.swift */ = {isa = PBXFileReference; lastKnownFileType = sourcecode.swift; path = NotesManager.swift; sourceTree = "<group>"; };
		CC1D927E29D9FF050028F6FF /* ArticlesManager.swift */ = {isa = PBXFileReference; lastKnownFileType = sourcecode.swift; path = ArticlesManager.swift; sourceTree = "<group>"; };
		CC21F5DA2949B6720039DD24 /* PlantSettingsViewController.swift */ = {isa = PBXFileReference; lastKnownFileType = sourcecode.swift; path = PlantSettingsViewController.swift; sourceTree = "<group>"; };
		CC22B2792948B1F200CEDEE5 /* Utils.swift */ = {isa = PBXFileReference; lastKnownFileType = sourcecode.swift; path = Utils.swift; sourceTree = "<group>"; };
		CC22B27B294912FE00CEDEE5 /* AboutPlantInfoView.swift */ = {isa = PBXFileReference; lastKnownFileType = sourcecode.swift; path = AboutPlantInfoView.swift; sourceTree = "<group>"; };
		CC34637229432CD700E07172 /* PlantManager.app */ = {isa = PBXFileReference; explicitFileType = wrapper.application; includeInIndex = 0; path = PlantManager.app; sourceTree = BUILT_PRODUCTS_DIR; };
		CC34637529432CD700E07172 /* AppDelegate.swift */ = {isa = PBXFileReference; lastKnownFileType = sourcecode.swift; path = AppDelegate.swift; sourceTree = "<group>"; };
		CC34637729432CD700E07172 /* SceneDelegate.swift */ = {isa = PBXFileReference; lastKnownFileType = sourcecode.swift; path = SceneDelegate.swift; sourceTree = "<group>"; };
		CC34637F29432CD700E07172 /* PlantManager.xcdatamodel */ = {isa = PBXFileReference; lastKnownFileType = wrapper.xcdatamodel; path = PlantManager.xcdatamodel; sourceTree = "<group>"; };
		CC34638129432CD800E07172 /* Assets.xcassets */ = {isa = PBXFileReference; lastKnownFileType = folder.assetcatalog; path = Assets.xcassets; sourceTree = "<group>"; };
		CC34638429432CD800E07172 /* Base */ = {isa = PBXFileReference; lastKnownFileType = file.storyboard; name = Base; path = Base.lproj/LaunchScreen.storyboard; sourceTree = "<group>"; };
		CC34638629432CD800E07172 /* Info.plist */ = {isa = PBXFileReference; lastKnownFileType = text.plist.xml; path = Info.plist; sourceTree = "<group>"; };
		CC34638F29433BAE00E07172 /* RemindersViewController.swift */ = {isa = PBXFileReference; lastKnownFileType = sourcecode.swift; path = RemindersViewController.swift; sourceTree = "<group>"; };
		CC34639129433BF300E07172 /* PlantsCollectionViewController.swift */ = {isa = PBXFileReference; lastKnownFileType = sourcecode.swift; path = PlantsCollectionViewController.swift; sourceTree = "<group>"; };
		CC34639529433C4300E07172 /* DiscoverViewController.swift */ = {isa = PBXFileReference; lastKnownFileType = sourcecode.swift; path = DiscoverViewController.swift; sourceTree = "<group>"; };
		CC3463992943429900E07172 /* TabBarController.swift */ = {isa = PBXFileReference; lastKnownFileType = sourcecode.swift; path = TabBarController.swift; sourceTree = "<group>"; };
		CC34639D2943C2F600E07172 /* PlantCollectionViewCell.swift */ = {isa = PBXFileReference; lastKnownFileType = sourcecode.swift; path = PlantCollectionViewCell.swift; sourceTree = "<group>"; };
		CC34B52E294A6C9900AAEA05 /* ImagePicker.swift */ = {isa = PBXFileReference; lastKnownFileType = sourcecode.swift; path = ImagePicker.swift; sourceTree = "<group>"; };
		CC4DDB5229D5918200978EE8 /* WebViewController.swift */ = {isa = PBXFileReference; lastKnownFileType = sourcecode.swift; path = WebViewController.swift; sourceTree = "<group>"; };
		CC4DDB5529D5B47C00978EE8 /* DatabaseManager.swift */ = {isa = PBXFileReference; lastKnownFileType = sourcecode.swift; path = DatabaseManager.swift; sourceTree = "<group>"; };
		CC4DDB5729D5B79D00978EE8 /* ImageStorageManager.swift */ = {isa = PBXFileReference; lastKnownFileType = sourcecode.swift; path = ImageStorageManager.swift; sourceTree = "<group>"; };
		CC72AA9029D05BEA00926B7C /* Extensions.swift */ = {isa = PBXFileReference; lastKnownFileType = sourcecode.swift; path = Extensions.swift; sourceTree = "<group>"; };
		CC72AA9329D06C8200926B7C /* NotificationManager.swift */ = {isa = PBXFileReference; lastKnownFileType = sourcecode.swift; path = NotificationManager.swift; sourceTree = "<group>"; };
		CC72AA9529D070B500926B7C /* PlantTask.swift */ = {isa = PBXFileReference; lastKnownFileType = sourcecode.swift; path = PlantTask.swift; sourceTree = "<group>"; };
		CC72AA9729D070E900926B7C /* TaskManager.swift */ = {isa = PBXFileReference; lastKnownFileType = sourcecode.swift; path = TaskManager.swift; sourceTree = "<group>"; };
		CC72AA9929D0718F00926B7C /* TaskPersistanceManager.swift */ = {isa = PBXFileReference; lastKnownFileType = sourcecode.swift; path = TaskPersistanceManager.swift; sourceTree = "<group>"; };
		CC72AA9C29D079BD00926B7C /* RemindersTableViewCell.swift */ = {isa = PBXFileReference; lastKnownFileType = sourcecode.swift; path = RemindersTableViewCell.swift; sourceTree = "<group>"; };
		CC72AA9E29D099BF00926B7C /* AddTaskViewController.swift */ = {isa = PBXFileReference; lastKnownFileType = sourcecode.swift; path = AddTaskViewController.swift; sourceTree = "<group>"; };
		CC84CF7C29BF6A8500418230 /* PlantCareView.swift */ = {isa = PBXFileReference; lastKnownFileType = sourcecode.swift; path = PlantCareView.swift; sourceTree = "<group>"; };
		CC84CF7E29BF6AD100418230 /* PlantTimelineView.swift */ = {isa = PBXFileReference; lastKnownFileType = sourcecode.swift; path = PlantTimelineView.swift; sourceTree = "<group>"; };
		CCA57C6629D43C0000B80C73 /* LoginViewController.swift */ = {isa = PBXFileReference; lastKnownFileType = sourcecode.swift; path = LoginViewController.swift; sourceTree = "<group>"; };
		CCA57C6829D4557F00B80C73 /* User.swift */ = {isa = PBXFileReference; lastKnownFileType = sourcecode.swift; path = User.swift; sourceTree = "<group>"; };
		CCA57C6A29D45BEB00B80C73 /* DiscoverArticlesTableViewCell.swift */ = {isa = PBXFileReference; lastKnownFileType = sourcecode.swift; path = DiscoverArticlesTableViewCell.swift; sourceTree = "<group>"; };
		CCA57C6C29D45C8400B80C73 /* Article.swift */ = {isa = PBXFileReference; lastKnownFileType = sourcecode.swift; path = Article.swift; sourceTree = "<group>"; };
		CCA57C6E29D467B300B80C73 /* GoogleService-Info.plist */ = {isa = PBXFileReference; fileEncoding = 4; lastKnownFileType = text.plist.xml; path = "GoogleService-Info.plist"; sourceTree = "<group>"; };
		CCD1DA8329D9927000414200 /* PlantsManager.swift */ = {isa = PBXFileReference; lastKnownFileType = sourcecode.swift; path = PlantsManager.swift; sourceTree = "<group>"; };
		CCDDC20E29D731C600A75581 /* PlantNoteCollectionViewCell.swift */ = {isa = PBXFileReference; lastKnownFileType = sourcecode.swift; path = PlantNoteCollectionViewCell.swift; sourceTree = "<group>"; };
		CCDDC21029D731D800A75581 /* PlantPhotoCollectionViewCell.swift */ = {isa = PBXFileReference; lastKnownFileType = sourcecode.swift; path = PlantPhotoCollectionViewCell.swift; sourceTree = "<group>"; };
		CCFE218D2947A77E00C4BBB4 /* RoomsTableViewCell.swift */ = {isa = PBXFileReference; lastKnownFileType = sourcecode.swift; path = RoomsTableViewCell.swift; sourceTree = "<group>"; };
		CCFE218F2947D4E100C4BBB4 /* PlantInfoViewController.swift */ = {isa = PBXFileReference; lastKnownFileType = sourcecode.swift; path = PlantInfoViewController.swift; sourceTree = "<group>"; };
/* End PBXFileReference section */

/* Begin PBXFrameworksBuildPhase section */
		CC34636F29432CD700E07172 /* Frameworks */ = {
			isa = PBXFrameworksBuildPhase;
			buildActionMask = 2147483647;
			files = (
				CC4DDB5B29D5BB5600978EE8 /* FirebaseStorage in Frameworks */,
				CC45E31929BDF4B300962B8D /* FirebaseAnalytics in Frameworks */,
				CCD1DA8029D98A0800414200 /* FirebaseFirestore in Frameworks */,
				CC45E31B29BDF4B300962B8D /* FirebaseAuth in Frameworks */,
				CCD1DA8229D9920A00414200 /* FirebaseFirestoreSwift in Frameworks */,
			);
			runOnlyForDeploymentPostprocessing = 0;
		};
/* End PBXFrameworksBuildPhase section */

/* Begin PBXGroup section */
		CC22B2782948B1E300CEDEE5 /* Utils */ = {
			isa = PBXGroup;
			children = (
				CC72AA8F29D05BD100926B7C /* Extensions */,
				CC22B2792948B1F200CEDEE5 /* Utils.swift */,
				CC34B52E294A6C9900AAEA05 /* ImagePicker.swift */,
			);
			path = Utils;
			sourceTree = "<group>";
		};
		CC34636929432CD700E07172 = {
			isa = PBXGroup;
			children = (
				CC34637429432CD700E07172 /* PlantManager */,
				CC34637329432CD700E07172 /* Products */,
				CC4DDB5929D5BB5600978EE8 /* Frameworks */,
			);
			sourceTree = "<group>";
		};
		CC34637329432CD700E07172 /* Products */ = {
			isa = PBXGroup;
			children = (
				CC34637229432CD700E07172 /* PlantManager.app */,
			);
			name = Products;
			sourceTree = "<group>";
		};
		CC34637429432CD700E07172 /* PlantManager */ = {
			isa = PBXGroup;
			children = (
				CC72AA9229D06C7000926B7C /* Services */,
				CC22B2782948B1E300CEDEE5 /* Utils */,
				CC34638D2943390B00E07172 /* Model */,
				CC34638C294338FE00E07172 /* VIew */,
				CC34638E2943391300E07172 /* Controller */,
				CC34637529432CD700E07172 /* AppDelegate.swift */,
				CC34637729432CD700E07172 /* SceneDelegate.swift */,
				CC34638129432CD800E07172 /* Assets.xcassets */,
				CC34638329432CD800E07172 /* LaunchScreen.storyboard */,
				CC34638629432CD800E07172 /* Info.plist */,
				CCA57C6E29D467B300B80C73 /* GoogleService-Info.plist */,
				CC34637E29432CD700E07172 /* PlantManager.xcdatamodeld */,
			);
			path = PlantManager;
			sourceTree = "<group>";
		};
		CC34638C294338FE00E07172 /* VIew */ = {
			isa = PBXGroup;
			children = (
				CCCB629529D3886600533EA4 /* Plants */,
				CCCB629429D3885F00533EA4 /* Reminders */,
				CCCB629329D3885800533EA4 /* Discover */,
			);
			path = VIew;
			sourceTree = "<group>";
		};
		CC34638D2943390B00E07172 /* Model */ = {
			isa = PBXGroup;
			children = (
				CC72AA9529D070B500926B7C /* PlantTask.swift */,
				CCA57C6829D4557F00B80C73 /* User.swift */,
				CCA57C6C29D45C8400B80C73 /* Article.swift */,
			);
			path = Model;
			sourceTree = "<group>";
		};
		CC34638E2943391300E07172 /* Controller */ = {
			isa = PBXGroup;
			children = (
				CCA57C6529D43BEB00B80C73 /* Login */,
				CCCB629129D3881700533EA4 /* Discover */,
				CCCB629029D3880900533EA4 /* Plants */,
				CCCB628F29D387F200533EA4 /* Reminders */,
				CC3463992943429900E07172 /* TabBarController.swift */,
			);
			path = Controller;
			sourceTree = "<group>";
		};
		CC4DDB5129D58F3800978EE8 /* Storage */ = {
			isa = PBXGroup;
			children = (
				CC4DDB5729D5B79D00978EE8 /* ImageStorageManager.swift */,
			);
			path = Storage;
			sourceTree = "<group>";
		};
		CC4DDB5429D5B46100978EE8 /* FirebaseDatabase */ = {
			isa = PBXGroup;
			children = (
				CC1D927A29D9B50E0028F6FF /* FirebaseIdentifiable.swift */,
				CC4DDB5529D5B47C00978EE8 /* DatabaseManager.swift */,
				CCD1DA8329D9927000414200 /* PlantsManager.swift */,
				CC1D927C29D9BB0F0028F6FF /* NotesManager.swift */,
				CC1D927E29D9FF050028F6FF /* ArticlesManager.swift */,
			);
			path = FirebaseDatabase;
			sourceTree = "<group>";
		};
		CC4DDB5929D5BB5600978EE8 /* Frameworks */ = {
			isa = PBXGroup;
			children = (
			);
			name = Frameworks;
			sourceTree = "<group>";
		};
		CC72AA8F29D05BD100926B7C /* Extensions */ = {
			isa = PBXGroup;
			children = (
				CC72AA9029D05BEA00926B7C /* Extensions.swift */,
			);
			path = Extensions;
			sourceTree = "<group>";
		};
		CC72AA9229D06C7000926B7C /* Services */ = {
			isa = PBXGroup;
			children = (
				CC4DDB5429D5B46100978EE8 /* FirebaseDatabase */,
				CC4DDB5129D58F3800978EE8 /* Storage */,
				CC72AA9B29D0719700926B7C /* Notifications */,
			);
			path = Services;
			sourceTree = "<group>";
		};
		CC72AA9B29D0719700926B7C /* Notifications */ = {
			isa = PBXGroup;
			children = (
				CC72AA9329D06C8200926B7C /* NotificationManager.swift */,
				CC72AA9729D070E900926B7C /* TaskManager.swift */,
				CC72AA9929D0718F00926B7C /* TaskPersistanceManager.swift */,
			);
			path = Notifications;
			sourceTree = "<group>";
		};
		CCA57C6529D43BEB00B80C73 /* Login */ = {
			isa = PBXGroup;
			children = (
				CCA57C6629D43C0000B80C73 /* LoginViewController.swift */,
			);
			path = Login;
			sourceTree = "<group>";
		};
		CCCB628F29D387F200533EA4 /* Reminders */ = {
			isa = PBXGroup;
			children = (
				CC34638F29433BAE00E07172 /* RemindersViewController.swift */,
				CC72AA9E29D099BF00926B7C /* AddTaskViewController.swift */,
			);
			path = Reminders;
			sourceTree = "<group>";
		};
		CCCB629029D3880900533EA4 /* Plants */ = {
			isa = PBXGroup;
			children = (
				CCCB629229D3883600533EA4 /* Rooms */,
				CCFE218F2947D4E100C4BBB4 /* PlantInfoViewController.swift */,
				CC21F5DA2949B6720039DD24 /* PlantSettingsViewController.swift */,
				CC1D3B0B2947759700FE5EC5 /* AddPlantViewController.swift */,
				CC34639129433BF300E07172 /* PlantsCollectionViewController.swift */,
			);
			path = Plants;
			sourceTree = "<group>";
		};
		CCCB629129D3881700533EA4 /* Discover */ = {
			isa = PBXGroup;
			children = (
				CC34639529433C4300E07172 /* DiscoverViewController.swift */,
				CC4DDB5229D5918200978EE8 /* WebViewController.swift */,
			);
			path = Discover;
			sourceTree = "<group>";
		};
		CCCB629229D3883600533EA4 /* Rooms */ = {
			isa = PBXGroup;
			children = (
				CC1D3B0D2947801B00FE5EC5 /* AddRoomViewController.swift */,
			);
			path = Rooms;
			sourceTree = "<group>";
		};
		CCCB629329D3885800533EA4 /* Discover */ = {
			isa = PBXGroup;
			children = (
				CCA57C6A29D45BEB00B80C73 /* DiscoverArticlesTableViewCell.swift */,
			);
			path = Discover;
			sourceTree = "<group>";
		};
		CCCB629429D3885F00533EA4 /* Reminders */ = {
			isa = PBXGroup;
			children = (
				CC72AA9C29D079BD00926B7C /* RemindersTableViewCell.swift */,
			);
			path = Reminders;
			sourceTree = "<group>";
		};
		CCCB629529D3886600533EA4 /* Plants */ = {
			isa = PBXGroup;
			children = (
				CCCB629629D3888200533EA4 /* PlantInfo */,
				CC34639D2943C2F600E07172 /* PlantCollectionViewCell.swift */,
				CCFE218D2947A77E00C4BBB4 /* RoomsTableViewCell.swift */,
			);
			path = Plants;
			sourceTree = "<group>";
		};
		CCCB629629D3888200533EA4 /* PlantInfo */ = {
			isa = PBXGroup;
			children = (
				CC22B27B294912FE00CEDEE5 /* AboutPlantInfoView.swift */,
				CC84CF7E29BF6AD100418230 /* PlantTimelineView.swift */,
				CC84CF7C29BF6A8500418230 /* PlantCareView.swift */,
				CCDDC20E29D731C600A75581 /* PlantNoteCollectionViewCell.swift */,
				CCDDC21029D731D800A75581 /* PlantPhotoCollectionViewCell.swift */,
			);
			path = PlantInfo;
			sourceTree = "<group>";
		};
/* End PBXGroup section */

/* Begin PBXNativeTarget section */
		CC34637129432CD700E07172 /* PlantManager */ = {
			isa = PBXNativeTarget;
			buildConfigurationList = CC34638929432CD800E07172 /* Build configuration list for PBXNativeTarget "PlantManager" */;
			buildPhases = (
				CC34636E29432CD700E07172 /* Sources */,
				CC34636F29432CD700E07172 /* Frameworks */,
				CC34637029432CD700E07172 /* Resources */,
			);
			buildRules = (
			);
			dependencies = (
			);
			name = PlantManager;
			packageProductDependencies = (
				CC45E31829BDF4B300962B8D /* FirebaseAnalytics */,
				CC45E31A29BDF4B300962B8D /* FirebaseAuth */,
				CC4DDB5A29D5BB5600978EE8 /* FirebaseStorage */,
				CCD1DA7F29D98A0800414200 /* FirebaseFirestore */,
				CCD1DA8129D9920A00414200 /* FirebaseFirestoreSwift */,
			);
			productName = PlantManager;
			productReference = CC34637229432CD700E07172 /* PlantManager.app */;
			productType = "com.apple.product-type.application";
		};
/* End PBXNativeTarget section */

/* Begin PBXProject section */
		CC34636A29432CD700E07172 /* Project object */ = {
			isa = PBXProject;
			attributes = {
				BuildIndependentTargetsInParallel = 1;
				LastSwiftUpdateCheck = 1400;
				LastUpgradeCheck = 1400;
				TargetAttributes = {
					CC34637129432CD700E07172 = {
						CreatedOnToolsVersion = 14.0;
					};
				};
			};
			buildConfigurationList = CC34636D29432CD700E07172 /* Build configuration list for PBXProject "PlantManager" */;
			compatibilityVersion = "Xcode 14.0";
			developmentRegion = en;
			hasScannedForEncodings = 0;
			knownRegions = (
				en,
				Base,
			);
			mainGroup = CC34636929432CD700E07172;
			packageReferences = (
				CC45E31729BDF4B300962B8D /* XCRemoteSwiftPackageReference "firebase-ios-sdk" */,
			);
			productRefGroup = CC34637329432CD700E07172 /* Products */;
			projectDirPath = "";
			projectRoot = "";
			targets = (
				CC34637129432CD700E07172 /* PlantManager */,
			);
		};
/* End PBXProject section */

/* Begin PBXResourcesBuildPhase section */
		CC34637029432CD700E07172 /* Resources */ = {
			isa = PBXResourcesBuildPhase;
			buildActionMask = 2147483647;
			files = (
				CC34638529432CD800E07172 /* LaunchScreen.storyboard in Resources */,
				CCA57C6F29D467B300B80C73 /* GoogleService-Info.plist in Resources */,
				CC34638229432CD800E07172 /* Assets.xcassets in Resources */,
			);
			runOnlyForDeploymentPostprocessing = 0;
		};
/* End PBXResourcesBuildPhase section */

/* Begin PBXSourcesBuildPhase section */
		CC34636E29432CD700E07172 /* Sources */ = {
			isa = PBXSourcesBuildPhase;
			buildActionMask = 2147483647;
			files = (
				CC4DDB5629D5B47C00978EE8 /* DatabaseManager.swift in Sources */,
				CCA57C6729D43C0000B80C73 /* LoginViewController.swift in Sources */,
				CCFE21902947D4E100C4BBB4 /* PlantInfoViewController.swift in Sources */,
				CC1D3B0C2947759700FE5EC5 /* AddPlantViewController.swift in Sources */,
				CC84CF7F29BF6AD100418230 /* PlantTimelineView.swift in Sources */,
				CC34639229433BF300E07172 /* PlantsCollectionViewController.swift in Sources */,
				CC72AA9629D070B500926B7C /* PlantTask.swift in Sources */,
				CC34B52F294A6C9900AAEA05 /* ImagePicker.swift in Sources */,
				CC72AA9A29D0718F00926B7C /* TaskPersistanceManager.swift in Sources */,
				CC34639A2943429900E07172 /* TabBarController.swift in Sources */,
				CC22B27C294912FE00CEDEE5 /* AboutPlantInfoView.swift in Sources */,
				CCA57C6D29D45C8400B80C73 /* Article.swift in Sources */,
				CCFE218E2947A77E00C4BBB4 /* RoomsTableViewCell.swift in Sources */,
				CC1D927B29D9B50E0028F6FF /* FirebaseIdentifiable.swift in Sources */,
				CC1D927F29D9FF050028F6FF /* ArticlesManager.swift in Sources */,
				CC22B27A2948B1F200CEDEE5 /* Utils.swift in Sources */,
				CC34639629433C4300E07172 /* DiscoverViewController.swift in Sources */,
				CC84CF7D29BF6A8500418230 /* PlantCareView.swift in Sources */,
				CCDDC20F29D731C600A75581 /* PlantNoteCollectionViewCell.swift in Sources */,
				CCDDC21129D731D800A75581 /* PlantPhotoCollectionViewCell.swift in Sources */,
				CC34639E2943C2F600E07172 /* PlantCollectionViewCell.swift in Sources */,
				CC34637629432CD700E07172 /* AppDelegate.swift in Sources */,
				CC21F5DB2949B6720039DD24 /* PlantSettingsViewController.swift in Sources */,
				CC72AA9129D05BEA00926B7C /* Extensions.swift in Sources */,
				CC1D3B0E2947801B00FE5EC5 /* AddRoomViewController.swift in Sources */,
				CCA57C6929D4557F00B80C73 /* User.swift in Sources */,
				CC34637829432CD700E07172 /* SceneDelegate.swift in Sources */,
				CC1D927D29D9BB0F0028F6FF /* NotesManager.swift in Sources */,
				CC72AA9429D06C8200926B7C /* NotificationManager.swift in Sources */,
				CCD1DA8429D9927000414200 /* PlantsManager.swift in Sources */,
				CC34638029432CD700E07172 /* PlantManager.xcdatamodeld in Sources */,
				CCA57C6B29D45BEB00B80C73 /* DiscoverArticlesTableViewCell.swift in Sources */,
				CC72AA9829D070E900926B7C /* TaskManager.swift in Sources */,
				CC34639029433BAE00E07172 /* RemindersViewController.swift in Sources */,
				CC4DDB5329D5918200978EE8 /* WebViewController.swift in Sources */,
				CC72AA9D29D079BD00926B7C /* RemindersTableViewCell.swift in Sources */,
				CC72AA9F29D099BF00926B7C /* AddTaskViewController.swift in Sources */,
				CC4DDB5829D5B79D00978EE8 /* ImageStorageManager.swift in Sources */,
			);
			runOnlyForDeploymentPostprocessing = 0;
		};
/* End PBXSourcesBuildPhase section */

/* Begin PBXVariantGroup section */
		CC34638329432CD800E07172 /* LaunchScreen.storyboard */ = {
			isa = PBXVariantGroup;
			children = (
				CC34638429432CD800E07172 /* Base */,
			);
			name = LaunchScreen.storyboard;
			sourceTree = "<group>";
		};
/* End PBXVariantGroup section */

/* Begin XCBuildConfiguration section */
		CC34638729432CD800E07172 /* Debug */ = {
			isa = XCBuildConfiguration;
			buildSettings = {
				ALWAYS_SEARCH_USER_PATHS = NO;
				CLANG_ANALYZER_NONNULL = YES;
				CLANG_ANALYZER_NUMBER_OBJECT_CONVERSION = YES_AGGRESSIVE;
				CLANG_CXX_LANGUAGE_STANDARD = "gnu++20";
				CLANG_ENABLE_MODULES = YES;
				CLANG_ENABLE_OBJC_ARC = YES;
				CLANG_ENABLE_OBJC_WEAK = YES;
				CLANG_WARN_BLOCK_CAPTURE_AUTORELEASING = YES;
				CLANG_WARN_BOOL_CONVERSION = YES;
				CLANG_WARN_COMMA = YES;
				CLANG_WARN_CONSTANT_CONVERSION = YES;
				CLANG_WARN_DEPRECATED_OBJC_IMPLEMENTATIONS = YES;
				CLANG_WARN_DIRECT_OBJC_ISA_USAGE = YES_ERROR;
				CLANG_WARN_DOCUMENTATION_COMMENTS = YES;
				CLANG_WARN_EMPTY_BODY = YES;
				CLANG_WARN_ENUM_CONVERSION = YES;
				CLANG_WARN_INFINITE_RECURSION = YES;
				CLANG_WARN_INT_CONVERSION = YES;
				CLANG_WARN_NON_LITERAL_NULL_CONVERSION = YES;
				CLANG_WARN_OBJC_IMPLICIT_RETAIN_SELF = YES;
				CLANG_WARN_OBJC_LITERAL_CONVERSION = YES;
				CLANG_WARN_OBJC_ROOT_CLASS = YES_ERROR;
				CLANG_WARN_QUOTED_INCLUDE_IN_FRAMEWORK_HEADER = YES;
				CLANG_WARN_RANGE_LOOP_ANALYSIS = YES;
				CLANG_WARN_STRICT_PROTOTYPES = YES;
				CLANG_WARN_SUSPICIOUS_MOVE = YES;
				CLANG_WARN_UNGUARDED_AVAILABILITY = YES_AGGRESSIVE;
				CLANG_WARN_UNREACHABLE_CODE = YES;
				CLANG_WARN__DUPLICATE_METHOD_MATCH = YES;
				COPY_PHASE_STRIP = NO;
				DEBUG_INFORMATION_FORMAT = dwarf;
				ENABLE_STRICT_OBJC_MSGSEND = YES;
				ENABLE_TESTABILITY = YES;
				GCC_C_LANGUAGE_STANDARD = gnu11;
				GCC_DYNAMIC_NO_PIC = NO;
				GCC_NO_COMMON_BLOCKS = YES;
				GCC_OPTIMIZATION_LEVEL = 0;
				GCC_PREPROCESSOR_DEFINITIONS = (
					"DEBUG=1",
					"$(inherited)",
				);
				GCC_WARN_64_TO_32_BIT_CONVERSION = YES;
				GCC_WARN_ABOUT_RETURN_TYPE = YES_ERROR;
				GCC_WARN_UNDECLARED_SELECTOR = YES;
				GCC_WARN_UNINITIALIZED_AUTOS = YES_AGGRESSIVE;
				GCC_WARN_UNUSED_FUNCTION = YES;
				GCC_WARN_UNUSED_VARIABLE = YES;
				IPHONEOS_DEPLOYMENT_TARGET = 16.0;
				MTL_ENABLE_DEBUG_INFO = INCLUDE_SOURCE;
				MTL_FAST_MATH = YES;
				ONLY_ACTIVE_ARCH = YES;
				SDKROOT = iphoneos;
				SWIFT_ACTIVE_COMPILATION_CONDITIONS = DEBUG;
				SWIFT_OPTIMIZATION_LEVEL = "-Onone";
			};
			name = Debug;
		};
		CC34638829432CD800E07172 /* Release */ = {
			isa = XCBuildConfiguration;
			buildSettings = {
				ALWAYS_SEARCH_USER_PATHS = NO;
				CLANG_ANALYZER_NONNULL = YES;
				CLANG_ANALYZER_NUMBER_OBJECT_CONVERSION = YES_AGGRESSIVE;
				CLANG_CXX_LANGUAGE_STANDARD = "gnu++20";
				CLANG_ENABLE_MODULES = YES;
				CLANG_ENABLE_OBJC_ARC = YES;
				CLANG_ENABLE_OBJC_WEAK = YES;
				CLANG_WARN_BLOCK_CAPTURE_AUTORELEASING = YES;
				CLANG_WARN_BOOL_CONVERSION = YES;
				CLANG_WARN_COMMA = YES;
				CLANG_WARN_CONSTANT_CONVERSION = YES;
				CLANG_WARN_DEPRECATED_OBJC_IMPLEMENTATIONS = YES;
				CLANG_WARN_DIRECT_OBJC_ISA_USAGE = YES_ERROR;
				CLANG_WARN_DOCUMENTATION_COMMENTS = YES;
				CLANG_WARN_EMPTY_BODY = YES;
				CLANG_WARN_ENUM_CONVERSION = YES;
				CLANG_WARN_INFINITE_RECURSION = YES;
				CLANG_WARN_INT_CONVERSION = YES;
				CLANG_WARN_NON_LITERAL_NULL_CONVERSION = YES;
				CLANG_WARN_OBJC_IMPLICIT_RETAIN_SELF = YES;
				CLANG_WARN_OBJC_LITERAL_CONVERSION = YES;
				CLANG_WARN_OBJC_ROOT_CLASS = YES_ERROR;
				CLANG_WARN_QUOTED_INCLUDE_IN_FRAMEWORK_HEADER = YES;
				CLANG_WARN_RANGE_LOOP_ANALYSIS = YES;
				CLANG_WARN_STRICT_PROTOTYPES = YES;
				CLANG_WARN_SUSPICIOUS_MOVE = YES;
				CLANG_WARN_UNGUARDED_AVAILABILITY = YES_AGGRESSIVE;
				CLANG_WARN_UNREACHABLE_CODE = YES;
				CLANG_WARN__DUPLICATE_METHOD_MATCH = YES;
				COPY_PHASE_STRIP = NO;
				DEBUG_INFORMATION_FORMAT = "dwarf-with-dsym";
				ENABLE_NS_ASSERTIONS = NO;
				ENABLE_STRICT_OBJC_MSGSEND = YES;
				GCC_C_LANGUAGE_STANDARD = gnu11;
				GCC_NO_COMMON_BLOCKS = YES;
				GCC_WARN_64_TO_32_BIT_CONVERSION = YES;
				GCC_WARN_ABOUT_RETURN_TYPE = YES_ERROR;
				GCC_WARN_UNDECLARED_SELECTOR = YES;
				GCC_WARN_UNINITIALIZED_AUTOS = YES_AGGRESSIVE;
				GCC_WARN_UNUSED_FUNCTION = YES;
				GCC_WARN_UNUSED_VARIABLE = YES;
				IPHONEOS_DEPLOYMENT_TARGET = 16.0;
				MTL_ENABLE_DEBUG_INFO = NO;
				MTL_FAST_MATH = YES;
				SDKROOT = iphoneos;
				SWIFT_COMPILATION_MODE = wholemodule;
				SWIFT_OPTIMIZATION_LEVEL = "-O";
				VALIDATE_PRODUCT = YES;
			};
			name = Release;
		};
		CC34638A29432CD800E07172 /* Debug */ = {
			isa = XCBuildConfiguration;
			buildSettings = {
				ASSETCATALOG_COMPILER_APPICON_NAME = AppIcon;
				ASSETCATALOG_COMPILER_GLOBAL_ACCENT_COLOR_NAME = AccentColor;
				CODE_SIGN_STYLE = Automatic;
				CURRENT_PROJECT_VERSION = 1;
				GENERATE_INFOPLIST_FILE = YES;
				INFOPLIST_FILE = PlantManager/Info.plist;
				INFOPLIST_KEY_NSCameraUsageDescription = "This app wants to take pictures of plants.";
				INFOPLIST_KEY_NSPhotoLibraryUsageDescription = "This app wants to select pictures of plants from gallery.";
				INFOPLIST_KEY_UIApplicationSupportsIndirectInputEvents = YES;
				INFOPLIST_KEY_UILaunchStoryboardName = LaunchScreen;
				INFOPLIST_KEY_UIMainStoryboardFile = "";
				INFOPLIST_KEY_UIStatusBarStyle = "";
				INFOPLIST_KEY_UISupportedInterfaceOrientations = UIInterfaceOrientationPortrait;
				IPHONEOS_DEPLOYMENT_TARGET = 15.0;
				LD_RUNPATH_SEARCH_PATHS = (
					"$(inherited)",
					"@executable_path/Frameworks",
				);
				MARKETING_VERSION = 1.0;
				PRODUCT_BUNDLE_IDENTIFIER = com.exp.PlantManager;
				PRODUCT_NAME = "$(TARGET_NAME)";
				SUPPORTED_PLATFORMS = "iphoneos iphonesimulator";
				SUPPORTS_MACCATALYST = NO;
				SUPPORTS_MAC_DESIGNED_FOR_IPHONE_IPAD = NO;
				SWIFT_EMIT_LOC_STRINGS = YES;
				SWIFT_VERSION = 5.0;
				TARGETED_DEVICE_FAMILY = "1,2";
			};
			name = Debug;
		};
		CC34638B29432CD800E07172 /* Release */ = {
			isa = XCBuildConfiguration;
			buildSettings = {
				ASSETCATALOG_COMPILER_APPICON_NAME = AppIcon;
				ASSETCATALOG_COMPILER_GLOBAL_ACCENT_COLOR_NAME = AccentColor;
				CODE_SIGN_STYLE = Automatic;
				CURRENT_PROJECT_VERSION = 1;
				GENERATE_INFOPLIST_FILE = YES;
				INFOPLIST_FILE = PlantManager/Info.plist;
				INFOPLIST_KEY_NSCameraUsageDescription = "This app wants to take pictures of plants.";
				INFOPLIST_KEY_NSPhotoLibraryUsageDescription = "This app wants to select pictures of plants from gallery.";
				INFOPLIST_KEY_UIApplicationSupportsIndirectInputEvents = YES;
				INFOPLIST_KEY_UILaunchStoryboardName = LaunchScreen;
				INFOPLIST_KEY_UIMainStoryboardFile = "";
				INFOPLIST_KEY_UIStatusBarStyle = "";
				INFOPLIST_KEY_UISupportedInterfaceOrientations = UIInterfaceOrientationPortrait;
				IPHONEOS_DEPLOYMENT_TARGET = 15.0;
				LD_RUNPATH_SEARCH_PATHS = (
					"$(inherited)",
					"@executable_path/Frameworks",
				);
				MARKETING_VERSION = 1.0;
				PRODUCT_BUNDLE_IDENTIFIER = com.exp.PlantManager;
				PRODUCT_NAME = "$(TARGET_NAME)";
				SUPPORTED_PLATFORMS = "iphoneos iphonesimulator";
				SUPPORTS_MACCATALYST = NO;
				SUPPORTS_MAC_DESIGNED_FOR_IPHONE_IPAD = NO;
				SWIFT_EMIT_LOC_STRINGS = YES;
				SWIFT_VERSION = 5.0;
				TARGETED_DEVICE_FAMILY = "1,2";
			};
			name = Release;
		};
/* End XCBuildConfiguration section */

/* Begin XCConfigurationList section */
		CC34636D29432CD700E07172 /* Build configuration list for PBXProject "PlantManager" */ = {
			isa = XCConfigurationList;
			buildConfigurations = (
				CC34638729432CD800E07172 /* Debug */,
				CC34638829432CD800E07172 /* Release */,
			);
			defaultConfigurationIsVisible = 0;
			defaultConfigurationName = Release;
		};
		CC34638929432CD800E07172 /* Build configuration list for PBXNativeTarget "PlantManager" */ = {
			isa = XCConfigurationList;
			buildConfigurations = (
				CC34638A29432CD800E07172 /* Debug */,
				CC34638B29432CD800E07172 /* Release */,
			);
			defaultConfigurationIsVisible = 0;
			defaultConfigurationName = Release;
		};
/* End XCConfigurationList section */

/* Begin XCRemoteSwiftPackageReference section */
		CC45E31729BDF4B300962B8D /* XCRemoteSwiftPackageReference "firebase-ios-sdk" */ = {
			isa = XCRemoteSwiftPackageReference;
			repositoryURL = "https://github.com/firebase/firebase-ios-sdk";
			requirement = {
				kind = upToNextMajorVersion;
				minimumVersion = 9.0.0;
			};
		};
/* End XCRemoteSwiftPackageReference section */

/* Begin XCSwiftPackageProductDependency section */
		CC45E31829BDF4B300962B8D /* FirebaseAnalytics */ = {
			isa = XCSwiftPackageProductDependency;
			package = CC45E31729BDF4B300962B8D /* XCRemoteSwiftPackageReference "firebase-ios-sdk" */;
			productName = FirebaseAnalytics;
		};
		CC45E31A29BDF4B300962B8D /* FirebaseAuth */ = {
			isa = XCSwiftPackageProductDependency;
			package = CC45E31729BDF4B300962B8D /* XCRemoteSwiftPackageReference "firebase-ios-sdk" */;
			productName = FirebaseAuth;
		};
		CC4DDB5A29D5BB5600978EE8 /* FirebaseStorage */ = {
			isa = XCSwiftPackageProductDependency;
			package = CC45E31729BDF4B300962B8D /* XCRemoteSwiftPackageReference "firebase-ios-sdk" */;
			productName = FirebaseStorage;
		};
		CCD1DA7F29D98A0800414200 /* FirebaseFirestore */ = {
			isa = XCSwiftPackageProductDependency;
			package = CC45E31729BDF4B300962B8D /* XCRemoteSwiftPackageReference "firebase-ios-sdk" */;
			productName = FirebaseFirestore;
		};
		CCD1DA8129D9920A00414200 /* FirebaseFirestoreSwift */ = {
			isa = XCSwiftPackageProductDependency;
			package = CC45E31729BDF4B300962B8D /* XCRemoteSwiftPackageReference "firebase-ios-sdk" */;
			productName = FirebaseFirestoreSwift;
		};
/* End XCSwiftPackageProductDependency section */

/* Begin XCVersionGroup section */
		CC34637E29432CD700E07172 /* PlantManager.xcdatamodeld */ = {
			isa = XCVersionGroup;
			children = (
				CC34637F29432CD700E07172 /* PlantManager.xcdatamodel */,
			);
			currentVersion = CC34637F29432CD700E07172 /* PlantManager.xcdatamodel */;
			path = PlantManager.xcdatamodeld;
			sourceTree = "<group>";
			versionGroupType = wrapper.xcdatamodel;
		};
/* End XCVersionGroup section */
	};
	rootObject = CC34636A29432CD700E07172 /* Project object */;
}
